// !$*UTF8*$!
{
	archiveVersion = 1;
	classes = {
	};
	objectVersion = 48;
	objects = {

/* Begin PBXBuildFile section */
		18303CE0202FE21D00C9932A /* MessagesTableViewController.swift in Sources */ = {isa = PBXBuildFile; fileRef = 18303CDF202FE21D00C9932A /* MessagesTableViewController.swift */; };
		18303CE2202FEF9100C9932A /* CreateMessageTableViewController.swift in Sources */ = {isa = PBXBuildFile; fileRef = 18303CE1202FEF9100C9932A /* CreateMessageTableViewController.swift */; };
		18303CE5202FF53800C9932A /* User.swift in Sources */ = {isa = PBXBuildFile; fileRef = 18303CE4202FF53800C9932A /* User.swift */; };
		18303CE720300FCA00C9932A /* ProfileImage.swift in Sources */ = {isa = PBXBuildFile; fileRef = 18303CE620300FCA00C9932A /* ProfileImage.swift */; };
		18585D3A20312CD000FACE6B /* CreateMessageCell.swift in Sources */ = {isa = PBXBuildFile; fileRef = 18585D3920312CD000FACE6B /* CreateMessageCell.swift */; };
		18585D3D20313FCF00FACE6B /* Extensions.swift in Sources */ = {isa = PBXBuildFile; fileRef = 18585D3C20313FCF00FACE6B /* Extensions.swift */; };
		185F0276202F69D8006456EE /* AppDelegate.swift in Sources */ = {isa = PBXBuildFile; fileRef = 185F0275202F69D8006456EE /* AppDelegate.swift */; };
		185F0278202F69D8006456EE /* LoginViewController.swift in Sources */ = {isa = PBXBuildFile; fileRef = 185F0277202F69D8006456EE /* LoginViewController.swift */; };
		185F027B202F69D8006456EE /* Main.storyboard in Resources */ = {isa = PBXBuildFile; fileRef = 185F0279202F69D8006456EE /* Main.storyboard */; };
		185F027D202F69D8006456EE /* Assets.xcassets in Resources */ = {isa = PBXBuildFile; fileRef = 185F027C202F69D8006456EE /* Assets.xcassets */; };
		185F0280202F69D8006456EE /* LaunchScreen.storyboard in Resources */ = {isa = PBXBuildFile; fileRef = 185F027E202F69D8006456EE /* LaunchScreen.storyboard */; };
		185F028B202F9057006456EE /* SignUpViewController.swift in Sources */ = {isa = PBXBuildFile; fileRef = 185F028A202F9057006456EE /* SignUpViewController.swift */; };
		185F028D202F9481006456EE /* Message.swift in Sources */ = {isa = PBXBuildFile; fileRef = 185F028C202F9481006456EE /* Message.swift */; };
		185F0293202FB724006456EE /* GoogleService-Info.plist in Resources */ = {isa = PBXBuildFile; fileRef = 185F0292202FB724006456EE /* GoogleService-Info.plist */; };
		55D6DF19DEDF9141CE7C2F6B /* Pods_FirebaseChat.framework in Frameworks */ = {isa = PBXBuildFile; fileRef = 4B9A3923CE9786DECA41BB8E /* Pods_FirebaseChat.framework */; };
/* End PBXBuildFile section */

/* Begin PBXFileReference section */
		18303CDF202FE21D00C9932A /* MessagesTableViewController.swift */ = {isa = PBXFileReference; lastKnownFileType = sourcecode.swift; path = MessagesTableViewController.swift; sourceTree = "<group>"; };
		18303CE1202FEF9100C9932A /* CreateMessageTableViewController.swift */ = {isa = PBXFileReference; lastKnownFileType = sourcecode.swift; path = CreateMessageTableViewController.swift; sourceTree = "<group>"; };
		18303CE4202FF53800C9932A /* User.swift */ = {isa = PBXFileReference; lastKnownFileType = sourcecode.swift; path = User.swift; sourceTree = "<group>"; };
		18303CE620300FCA00C9932A /* ProfileImage.swift */ = {isa = PBXFileReference; lastKnownFileType = sourcecode.swift; path = ProfileImage.swift; sourceTree = "<group>"; };
		18585D3920312CD000FACE6B /* CreateMessageCell.swift */ = {isa = PBXFileReference; lastKnownFileType = sourcecode.swift; path = CreateMessageCell.swift; sourceTree = "<group>"; };
		18585D3C20313FCF00FACE6B /* Extensions.swift */ = {isa = PBXFileReference; lastKnownFileType = sourcecode.swift; path = Extensions.swift; sourceTree = "<group>"; };
		185F0272202F69D8006456EE /* FirebaseChat.app */ = {isa = PBXFileReference; explicitFileType = wrapper.application; includeInIndex = 0; path = FirebaseChat.app; sourceTree = BUILT_PRODUCTS_DIR; };
		185F0275202F69D8006456EE /* AppDelegate.swift */ = {isa = PBXFileReference; lastKnownFileType = sourcecode.swift; path = AppDelegate.swift; sourceTree = "<group>"; };
		185F0277202F69D8006456EE /* LoginViewController.swift */ = {isa = PBXFileReference; lastKnownFileType = sourcecode.swift; path = LoginViewController.swift; sourceTree = "<group>"; };
		185F027A202F69D8006456EE /* Base */ = {isa = PBXFileReference; lastKnownFileType = file.storyboard; name = Base; path = Base.lproj/Main.storyboard; sourceTree = "<group>"; };
		185F027C202F69D8006456EE /* Assets.xcassets */ = {isa = PBXFileReference; lastKnownFileType = folder.assetcatalog; path = Assets.xcassets; sourceTree = "<group>"; };
		185F027F202F69D8006456EE /* Base */ = {isa = PBXFileReference; lastKnownFileType = file.storyboard; name = Base; path = Base.lproj/LaunchScreen.storyboard; sourceTree = "<group>"; };
		185F0281202F69D8006456EE /* Info.plist */ = {isa = PBXFileReference; lastKnownFileType = text.plist.xml; path = Info.plist; sourceTree = "<group>"; };
		185F028A202F9057006456EE /* SignUpViewController.swift */ = {isa = PBXFileReference; lastKnownFileType = sourcecode.swift; path = SignUpViewController.swift; sourceTree = "<group>"; };
		185F028C202F9481006456EE /* Message.swift */ = {isa = PBXFileReference; lastKnownFileType = sourcecode.swift; path = Message.swift; sourceTree = "<group>"; };
		185F0292202FB724006456EE /* GoogleService-Info.plist */ = {isa = PBXFileReference; fileEncoding = 4; lastKnownFileType = text.plist.xml; path = "GoogleService-Info.plist"; sourceTree = "<group>"; };
		4B9A3923CE9786DECA41BB8E /* Pods_FirebaseChat.framework */ = {isa = PBXFileReference; explicitFileType = wrapper.framework; includeInIndex = 0; path = Pods_FirebaseChat.framework; sourceTree = BUILT_PRODUCTS_DIR; };
		6F4AF896700CDA9D9819E898 /* Pods-FirebaseChat.release.xcconfig */ = {isa = PBXFileReference; includeInIndex = 1; lastKnownFileType = text.xcconfig; name = "Pods-FirebaseChat.release.xcconfig"; path = "Pods/Target Support Files/Pods-FirebaseChat/Pods-FirebaseChat.release.xcconfig"; sourceTree = "<group>"; };
		A20B73657D9CBE7D98D1A607 /* Pods-FirebaseChat.debug.xcconfig */ = {isa = PBXFileReference; includeInIndex = 1; lastKnownFileType = text.xcconfig; name = "Pods-FirebaseChat.debug.xcconfig"; path = "Pods/Target Support Files/Pods-FirebaseChat/Pods-FirebaseChat.debug.xcconfig"; sourceTree = "<group>"; };
/* End PBXFileReference section */

/* Begin PBXFrameworksBuildPhase section */
		185F026F202F69D8006456EE /* Frameworks */ = {
			isa = PBXFrameworksBuildPhase;
			buildActionMask = 2147483647;
			files = (
				55D6DF19DEDF9141CE7C2F6B /* Pods_FirebaseChat.framework in Frameworks */,
			);
			runOnlyForDeploymentPostprocessing = 0;
		};
/* End PBXFrameworksBuildPhase section */

/* Begin PBXGroup section */
		18303CE3202FF51600C9932A /* Model */ = {
			isa = PBXGroup;
			children = (
				18303CE4202FF53800C9932A /* User.swift */,
				18303CE620300FCA00C9932A /* ProfileImage.swift */,
			);
			path = Model;
			sourceTree = "<group>";
		};
		18585D3B20313FB700FACE6B /* Helpers */ = {
			isa = PBXGroup;
			children = (
				18585D3C20313FCF00FACE6B /* Extensions.swift */,
			);
			path = Helpers;
			sourceTree = "<group>";
		};
		185F0269202F69D8006456EE = {
			isa = PBXGroup;
			children = (
				185F0274202F69D8006456EE /* FirebaseChat */,
				185F0273202F69D8006456EE /* Products */,
				5EBB5824C90FA85FF00076D9 /* Pods */,
				7AB8C01289164DE473FC1889 /* Frameworks */,
			);
			sourceTree = "<group>";
		};
		185F0273202F69D8006456EE /* Products */ = {
			isa = PBXGroup;
			children = (
				185F0272202F69D8006456EE /* FirebaseChat.app */,
			);
			name = Products;
			sourceTree = "<group>";
		};
		185F0274202F69D8006456EE /* FirebaseChat */ = {
			isa = PBXGroup;
			children = (
				18585D3B20313FB700FACE6B /* Helpers */,
				18303CE3202FF51600C9932A /* Model */,
				185F0288202F69EA006456EE /* View Controller */,
				185F0287202F69E4006456EE /* View */,
				185F0289202F6A0B006456EE /* Supporting Files */,
				185F0281202F69D8006456EE /* Info.plist */,
				185F0292202FB724006456EE /* GoogleService-Info.plist */,
				185F028C202F9481006456EE /* Message.swift */,
			);
			path = FirebaseChat;
			sourceTree = "<group>";
		};
		185F0287202F69E4006456EE /* View */ = {
			isa = PBXGroup;
			children = (
				185F0279202F69D8006456EE /* Main.storyboard */,
			);
			path = View;
			sourceTree = "<group>";
		};
		185F0288202F69EA006456EE /* View Controller */ = {
			isa = PBXGroup;
			children = (
				185F0277202F69D8006456EE /* LoginViewController.swift */,
				185F028A202F9057006456EE /* SignUpViewController.swift */,
				18303CDF202FE21D00C9932A /* MessagesTableViewController.swift */,
				18303CE1202FEF9100C9932A /* CreateMessageTableViewController.swift */,
				18585D3920312CD000FACE6B /* CreateMessageCell.swift */,
			);
			path = "View Controller";
			sourceTree = "<group>";
		};
		185F0289202F6A0B006456EE /* Supporting Files */ = {
			isa = PBXGroup;
			children = (
				185F027C202F69D8006456EE /* Assets.xcassets */,
				185F0275202F69D8006456EE /* AppDelegate.swift */,
				185F027E202F69D8006456EE /* LaunchScreen.storyboard */,
			);
			path = "Supporting Files";
			sourceTree = "<group>";
		};
		5EBB5824C90FA85FF00076D9 /* Pods */ = {
			isa = PBXGroup;
			children = (
				A20B73657D9CBE7D98D1A607 /* Pods-FirebaseChat.debug.xcconfig */,
				6F4AF896700CDA9D9819E898 /* Pods-FirebaseChat.release.xcconfig */,
			);
			name = Pods;
			sourceTree = "<group>";
		};
		7AB8C01289164DE473FC1889 /* Frameworks */ = {
			isa = PBXGroup;
			children = (
				4B9A3923CE9786DECA41BB8E /* Pods_FirebaseChat.framework */,
			);
			name = Frameworks;
			sourceTree = "<group>";
		};
/* End PBXGroup section */

/* Begin PBXNativeTarget section */
		185F0271202F69D8006456EE /* FirebaseChat */ = {
			isa = PBXNativeTarget;
			buildConfigurationList = 185F0284202F69D8006456EE /* Build configuration list for PBXNativeTarget "FirebaseChat" */;
			buildPhases = (
				E22B9C9963FCC296AB8854B0 /* [CP] Check Pods Manifest.lock */,
				185F026E202F69D8006456EE /* Sources */,
				185F026F202F69D8006456EE /* Frameworks */,
				185F0270202F69D8006456EE /* Resources */,
				901E417FD9006A67CDC3AEF9 /* [CP] Embed Pods Frameworks */,
				BC125A937F1AA418DB77216E /* [CP] Copy Pods Resources */,
			);
			buildRules = (
			);
			dependencies = (
			);
			name = FirebaseChat;
			productName = FirebaseChat;
			productReference = 185F0272202F69D8006456EE /* FirebaseChat.app */;
			productType = "com.apple.product-type.application";
		};
/* End PBXNativeTarget section */

/* Begin PBXProject section */
		185F026A202F69D8006456EE /* Project object */ = {
			isa = PBXProject;
			attributes = {
				LastSwiftUpdateCheck = 0920;
				LastUpgradeCheck = 0920;
				ORGANIZATIONNAME = "Simone Grant";
				TargetAttributes = {
					185F0271202F69D8006456EE = {
						CreatedOnToolsVersion = 9.2;
						ProvisioningStyle = Automatic;
					};
				};
			};
			buildConfigurationList = 185F026D202F69D8006456EE /* Build configuration list for PBXProject "FirebaseChat" */;
			compatibilityVersion = "Xcode 8.0";
			developmentRegion = en;
			hasScannedForEncodings = 0;
			knownRegions = (
				en,
				Base,
			);
			mainGroup = 185F0269202F69D8006456EE;
			productRefGroup = 185F0273202F69D8006456EE /* Products */;
			projectDirPath = "";
			projectRoot = "";
			targets = (
				185F0271202F69D8006456EE /* FirebaseChat */,
			);
		};
/* End PBXProject section */

/* Begin PBXResourcesBuildPhase section */
		185F0270202F69D8006456EE /* Resources */ = {
			isa = PBXResourcesBuildPhase;
			buildActionMask = 2147483647;
			files = (
				185F0293202FB724006456EE /* GoogleService-Info.plist in Resources */,
				185F0280202F69D8006456EE /* LaunchScreen.storyboard in Resources */,
				185F027D202F69D8006456EE /* Assets.xcassets in Resources */,
				185F027B202F69D8006456EE /* Main.storyboard in Resources */,
			);
			runOnlyForDeploymentPostprocessing = 0;
		};
/* End PBXResourcesBuildPhase section */

/* Begin PBXShellScriptBuildPhase section */
		901E417FD9006A67CDC3AEF9 /* [CP] Embed Pods Frameworks */ = {
			isa = PBXShellScriptBuildPhase;
			buildActionMask = 2147483647;
			files = (
			);
			inputPaths = (
				"${SRCROOT}/Pods/Target Support Files/Pods-FirebaseChat/Pods-FirebaseChat-frameworks.sh",
				"${BUILT_PRODUCTS_DIR}/GTMSessionFetcher/GTMSessionFetcher.framework",
				"${BUILT_PRODUCTS_DIR}/GoogleToolboxForMac/GoogleToolboxForMac.framework",
				"${BUILT_PRODUCTS_DIR}/SVProgressHUD/SVProgressHUD.framework",
				"${BUILT_PRODUCTS_DIR}/leveldb-library/leveldb.framework",
				"${BUILT_PRODUCTS_DIR}/nanopb/nanopb.framework",
			);
			name = "[CP] Embed Pods Frameworks";
			outputPaths = (
				"${TARGET_BUILD_DIR}/${FRAMEWORKS_FOLDER_PATH}/GTMSessionFetcher.framework",
				"${TARGET_BUILD_DIR}/${FRAMEWORKS_FOLDER_PATH}/GoogleToolboxForMac.framework",
				"${TARGET_BUILD_DIR}/${FRAMEWORKS_FOLDER_PATH}/SVProgressHUD.framework",
				"${TARGET_BUILD_DIR}/${FRAMEWORKS_FOLDER_PATH}/leveldb.framework",
				"${TARGET_BUILD_DIR}/${FRAMEWORKS_FOLDER_PATH}/nanopb.framework",
			);
			runOnlyForDeploymentPostprocessing = 0;
			shellPath = /bin/sh;
			shellScript = "\"${SRCROOT}/Pods/Target Support Files/Pods-FirebaseChat/Pods-FirebaseChat-frameworks.sh\"\n";
			showEnvVarsInLog = 0;
		};
		BC125A937F1AA418DB77216E /* [CP] Copy Pods Resources */ = {
			isa = PBXShellScriptBuildPhase;
			buildActionMask = 2147483647;
			files = (
			);
			inputPaths = (
			);
			name = "[CP] Copy Pods Resources";
			outputPaths = (
			);
			runOnlyForDeploymentPostprocessing = 0;
			shellPath = /bin/sh;
			shellScript = "\"${SRCROOT}/Pods/Target Support Files/Pods-FirebaseChat/Pods-FirebaseChat-resources.sh\"\n";
			showEnvVarsInLog = 0;
		};
		E22B9C9963FCC296AB8854B0 /* [CP] Check Pods Manifest.lock */ = {
			isa = PBXShellScriptBuildPhase;
			buildActionMask = 2147483647;
			files = (
			);
			inputPaths = (
				"${PODS_PODFILE_DIR_PATH}/Podfile.lock",
				"${PODS_ROOT}/Manifest.lock",
			);
			name = "[CP] Check Pods Manifest.lock";
			outputPaths = (
				"$(DERIVED_FILE_DIR)/Pods-FirebaseChat-checkManifestLockResult.txt",
			);
			runOnlyForDeploymentPostprocessing = 0;
			shellPath = /bin/sh;
			shellScript = "diff \"${PODS_PODFILE_DIR_PATH}/Podfile.lock\" \"${PODS_ROOT}/Manifest.lock\" > /dev/null\nif [ $? != 0 ] ; then\n    # print error to STDERR\n    echo \"error: The sandbox is not in sync with the Podfile.lock. Run 'pod install' or update your CocoaPods installation.\" >&2\n    exit 1\nfi\n# This output is used by Xcode 'outputs' to avoid re-running this script phase.\necho \"SUCCESS\" > \"${SCRIPT_OUTPUT_FILE_0}\"\n";
			showEnvVarsInLog = 0;
		};
/* End PBXShellScriptBuildPhase section */

/* Begin PBXSourcesBuildPhase section */
		185F026E202F69D8006456EE /* Sources */ = {
			isa = PBXSourcesBuildPhase;
			buildActionMask = 2147483647;
			files = (
				185F028B202F9057006456EE /* SignUpViewController.swift in Sources */,
				18585D3A20312CD000FACE6B /* CreateMessageCell.swift in Sources */,
				18303CE720300FCA00C9932A /* ProfileImage.swift in Sources */,
				18303CE2202FEF9100C9932A /* CreateMessageTableViewController.swift in Sources */,
				185F028D202F9481006456EE /* Message.swift in Sources */,
				18585D3D20313FCF00FACE6B /* Extensions.swift in Sources */,
				185F0278202F69D8006456EE /* LoginViewController.swift in Sources */,
				18303CE0202FE21D00C9932A /* MessagesTableViewController.swift in Sources */,
				185F0276202F69D8006456EE /* AppDelegate.swift in Sources */,
				18303CE5202FF53800C9932A /* User.swift in Sources */,
			);
			runOnlyForDeploymentPostprocessing = 0;
		};
/* End PBXSourcesBuildPhase section */

/* Begin PBXVariantGroup section */
		185F0279202F69D8006456EE /* Main.storyboard */ = {
			isa = PBXVariantGroup;
			children = (
				185F027A202F69D8006456EE /* Base */,
			);
			name = Main.storyboard;
			sourceTree = "<group>";
		};
		185F027E202F69D8006456EE /* LaunchScreen.storyboard */ = {
			isa = PBXVariantGroup;
			children = (
				185F027F202F69D8006456EE /* Base */,
			);
			name = LaunchScreen.storyboard;
			sourceTree = "<group>";
		};
/* End PBXVariantGroup section */

/* Begin XCBuildConfiguration section */
		185F0282202F69D8006456EE /* Debug */ = {
			isa = XCBuildConfiguration;
			buildSettings = {
				ALWAYS_SEARCH_USER_PATHS = YES;
				CLANG_ANALYZER_NONNULL = YES;
				CLANG_ANALYZER_NUMBER_OBJECT_CONVERSION = YES_AGGRESSIVE;
				CLANG_CXX_LANGUAGE_STANDARD = "gnu++14";
				CLANG_CXX_LIBRARY = "libc++";
				CLANG_ENABLE_MODULES = YES;
				CLANG_ENABLE_OBJC_ARC = YES;
				CLANG_WARN_BLOCK_CAPTURE_AUTORELEASING = YES;
				CLANG_WARN_BOOL_CONVERSION = YES;
				CLANG_WARN_COMMA = YES;
				CLANG_WARN_CONSTANT_CONVERSION = YES;
				CLANG_WARN_DIRECT_OBJC_ISA_USAGE = YES_ERROR;
				CLANG_WARN_DOCUMENTATION_COMMENTS = YES;
				CLANG_WARN_EMPTY_BODY = YES;
				CLANG_WARN_ENUM_CONVERSION = YES;
				CLANG_WARN_INFINITE_RECURSION = YES;
				CLANG_WARN_INT_CONVERSION = YES;
				CLANG_WARN_NON_LITERAL_NULL_CONVERSION = YES;
				CLANG_WARN_OBJC_LITERAL_CONVERSION = YES;
				CLANG_WARN_OBJC_ROOT_CLASS = YES_ERROR;
				CLANG_WARN_RANGE_LOOP_ANALYSIS = YES;
				CLANG_WARN_STRICT_PROTOTYPES = YES;
				CLANG_WARN_SUSPICIOUS_MOVE = YES;
				CLANG_WARN_UNGUARDED_AVAILABILITY = YES_AGGRESSIVE;
				CLANG_WARN_UNREACHABLE_CODE = YES;
				CLANG_WARN__DUPLICATE_METHOD_MATCH = YES;
				CODE_SIGN_IDENTITY = "iPhone Developer";
				COPY_PHASE_STRIP = NO;
				DEBUG_INFORMATION_FORMAT = dwarf;
				ENABLE_STRICT_OBJC_MSGSEND = YES;
				ENABLE_TESTABILITY = YES;
				GCC_C_LANGUAGE_STANDARD = gnu11;
				GCC_DYNAMIC_NO_PIC = NO;
				GCC_NO_COMMON_BLOCKS = YES;
				GCC_OPTIMIZATION_LEVEL = 0;
				GCC_PREPROCESSOR_DEFINITIONS = (
					"DEBUG=1",
					"$(inherited)",
				);
				GCC_WARN_64_TO_32_BIT_CONVERSION = YES;
				GCC_WARN_ABOUT_RETURN_TYPE = YES_ERROR;
				GCC_WARN_UNDECLARED_SELECTOR = YES;
				GCC_WARN_UNINITIALIZED_AUTOS = YES_AGGRESSIVE;
				GCC_WARN_UNUSED_FUNCTION = YES;
				GCC_WARN_UNUSED_VARIABLE = YES;
				IPHONEOS_DEPLOYMENT_TARGET = 11.2;
				MTL_ENABLE_DEBUG_INFO = YES;
				ONLY_ACTIVE_ARCH = YES;
				SDKROOT = iphoneos;
				SWIFT_ACTIVE_COMPILATION_CONDITIONS = DEBUG;
				SWIFT_OPTIMIZATION_LEVEL = "-Onone";
			};
			name = Debug;
		};
		185F0283202F69D8006456EE /* Release */ = {
			isa = XCBuildConfiguration;
			buildSettings = {
				ALWAYS_SEARCH_USER_PATHS = YES;
				CLANG_ANALYZER_NONNULL = YES;
				CLANG_ANALYZER_NUMBER_OBJECT_CONVERSION = YES_AGGRESSIVE;
				CLANG_CXX_LANGUAGE_STANDARD = "gnu++14";
				CLANG_CXX_LIBRARY = "libc++";
				CLANG_ENABLE_MODULES = YES;
				CLANG_ENABLE_OBJC_ARC = YES;
				CLANG_WARN_BLOCK_CAPTURE_AUTORELEASING = YES;
				CLANG_WARN_BOOL_CONVERSION = YES;
				CLANG_WARN_COMMA = YES;
				CLANG_WARN_CONSTANT_CONVERSION = YES;
				CLANG_WARN_DIRECT_OBJC_ISA_USAGE = YES_ERROR;
				CLANG_WARN_DOCUMENTATION_COMMENTS = YES;
				CLANG_WARN_EMPTY_BODY = YES;
				CLANG_WARN_ENUM_CONVERSION = YES;
				CLANG_WARN_INFINITE_RECURSION = YES;
				CLANG_WARN_INT_CONVERSION = YES;
				CLANG_WARN_NON_LITERAL_NULL_CONVERSION = YES;
				CLANG_WARN_OBJC_LITERAL_CONVERSION = YES;
				CLANG_WARN_OBJC_ROOT_CLASS = YES_ERROR;
				CLANG_WARN_RANGE_LOOP_ANALYSIS = YES;
				CLANG_WARN_STRICT_PROTOTYPES = YES;
				CLANG_WARN_SUSPICIOUS_MOVE = YES;
				CLANG_WARN_UNGUARDED_AVAILABILITY = YES_AGGRESSIVE;
				CLANG_WARN_UNREACHABLE_CODE = YES;
				CLANG_WARN__DUPLICATE_METHOD_MATCH = YES;
				CODE_SIGN_IDENTITY = "iPhone Developer";
				COPY_PHASE_STRIP = NO;
				DEBUG_INFORMATION_FORMAT = "dwarf-with-dsym";
				ENABLE_NS_ASSERTIONS = NO;
				ENABLE_STRICT_OBJC_MSGSEND = YES;
				GCC_C_LANGUAGE_STANDARD = gnu11;
				GCC_NO_COMMON_BLOCKS = YES;
				GCC_WARN_64_TO_32_BIT_CONVERSION = YES;
				GCC_WARN_ABOUT_RETURN_TYPE = YES_ERROR;
				GCC_WARN_UNDECLARED_SELECTOR = YES;
				GCC_WARN_UNINITIALIZED_AUTOS = YES_AGGRESSIVE;
				GCC_WARN_UNUSED_FUNCTION = YES;
				GCC_WARN_UNUSED_VARIABLE = YES;
				IPHONEOS_DEPLOYMENT_TARGET = 11.2;
				MTL_ENABLE_DEBUG_INFO = NO;
				SDKROOT = iphoneos;
				SWIFT_OPTIMIZATION_LEVEL = "-Owholemodule";
				VALIDATE_PRODUCT = YES;
			};
			name = Release;
		};
		185F0285202F69D8006456EE /* Debug */ = {
			isa = XCBuildConfiguration;
			baseConfigurationReference = A20B73657D9CBE7D98D1A607 /* Pods-FirebaseChat.debug.xcconfig */;
			buildSettings = {
				ASSETCATALOG_COMPILER_APPICON_NAME = AppIcon;
				CODE_SIGN_STYLE = Automatic;
				DEVELOPMENT_TEAM = F7845S24LY;
				INFOPLIST_FILE = FirebaseChat/Info.plist;
				LD_RUNPATH_SEARCH_PATHS = "$(inherited) @executable_path/Frameworks";
				PRODUCT_BUNDLE_IDENTIFIER = Simone.FirebaseChat;
				PRODUCT_NAME = "$(TARGET_NAME)";
				SWIFT_VERSION = 4.0;
				TARGETED_DEVICE_FAMILY = "1,2";
			};
			name = Debug;
		};
		185F0286202F69D8006456EE /* Release */ = {
			isa = XCBuildConfiguration;
			baseConfigurationReference = 6F4AF896700CDA9D9819E898 /* Pods-FirebaseChat.release.xcconfig */;
			buildSettings = {
				ASSETCATALOG_COMPILER_APPICON_NAME = AppIcon;
				CODE_SIGN_STYLE = Automatic;
				DEVELOPMENT_TEAM = F7845S24LY;
				INFOPLIST_FILE = FirebaseChat/Info.plist;
				LD_RUNPATH_SEARCH_PATHS = "$(inherited) @executable_path/Frameworks";
				PRODUCT_BUNDLE_IDENTIFIER = Simone.FirebaseChat;
				PRODUCT_NAME = "$(TARGET_NAME)";
				SWIFT_VERSION = 4.0;
				TARGETED_DEVICE_FAMILY = "1,2";
			};
			name = Release;
		};
/* End XCBuildConfiguration section */

/* Begin XCConfigurationList section */
		185F026D202F69D8006456EE /* Build configuration list for PBXProject "FirebaseChat" */ = {
			isa = XCConfigurationList;
			buildConfigurations = (
				185F0282202F69D8006456EE /* Debug */,
				185F0283202F69D8006456EE /* Release */,
			);
			defaultConfigurationIsVisible = 0;
			defaultConfigurationName = Release;
		};
		185F0284202F69D8006456EE /* Build configuration list for PBXNativeTarget "FirebaseChat" */ = {
			isa = XCConfigurationList;
			buildConfigurations = (
				185F0285202F69D8006456EE /* Debug */,
				185F0286202F69D8006456EE /* Release */,
			);
			defaultConfigurationIsVisible = 0;
			defaultConfigurationName = Release;
		};
/* End XCConfigurationList section */
	};
	rootObject = 185F026A202F69D8006456EE /* Project object */;
}
